// !$*UTF8*$!
{
	archiveVersion = 1;
	classes = {
	};
	objectVersion = 48;
	objects = {

/* Begin PBXBuildFile section */
		8384D431C31D298F9248F03A /* Pods_Swift_Tip.framework in Frameworks */ = {isa = PBXBuildFile; fileRef = 40D6BFF3B61E1D0286E0CB07 /* Pods_Swift_Tip.framework */; };
		962715A620119AE30038A9FA /* AppDelegate.swift in Sources */ = {isa = PBXBuildFile; fileRef = 96C7053820119458008CA0E8 /* AppDelegate.swift */; };
		962715A720119AE30038A9FA /* RootTableViewController.swift in Sources */ = {isa = PBXBuildFile; fileRef = 96C7053320119458008CA0E8 /* RootTableViewController.swift */; };
		962715A820119AE30038A9FA /* ListTableView.swift in Sources */ = {isa = PBXBuildFile; fileRef = 96C7053420119458008CA0E8 /* ListTableView.swift */; };
		962715A920119AE30038A9FA /* AlamofireDocument.swift in Sources */ = {isa = PBXBuildFile; fileRef = 96C7053520119458008CA0E8 /* AlamofireDocument.swift */; };
		962715AA20119AE30038A9FA /* AlamofireDemo.swift in Sources */ = {isa = PBXBuildFile; fileRef = 96C7053620119458008CA0E8 /* AlamofireDemo.swift */; };
		962715AB20119AE30038A9FA /* TwoViewController.swift in Sources */ = {isa = PBXBuildFile; fileRef = 96C7053720119458008CA0E8 /* TwoViewController.swift */; };
		962715AC20119AE30038A9FA /* CheckCertificate.swift in Sources */ = {isa = PBXBuildFile; fileRef = 96C7053920119458008CA0E8 /* CheckCertificate.swift */; };
		962715AD20119AE30038A9FA /* ImageRequestor.swift in Sources */ = {isa = PBXBuildFile; fileRef = 96C7053A20119458008CA0E8 /* ImageRequestor.swift */; };
		966570C3200D98C8002260FD /* Assets.xcassets in Resources */ = {isa = PBXBuildFile; fileRef = 966570C2200D98C8002260FD /* Assets.xcassets */; };
		966570C6200D98C8002260FD /* LaunchScreen.storyboard in Resources */ = {isa = PBXBuildFile; fileRef = 966570C4200D98C8002260FD /* LaunchScreen.storyboard */; };
		96C7055820119526008CA0E8 /* nasalization rg.ttf in Resources */ = {isa = PBXBuildFile; fileRef = 96C7053E20119524008CA0E8 /* nasalization rg.ttf */; };
		96C7055920119526008CA0E8 /* space4.png in Resources */ = {isa = PBXBuildFile; fileRef = 96C7053F20119524008CA0E8 /* space4.png */; };
		96C7055A20119526008CA0E8 /* testtube.png in Resources */ = {isa = PBXBuildFile; fileRef = 96C7054020119524008CA0E8 /* testtube.png */; };
		96C7055B20119526008CA0E8 /* video2.mp4 in Resources */ = {isa = PBXBuildFile; fileRef = 96C7054120119524008CA0E8 /* video2.mp4 */; };
		96C7055C20119526008CA0E8 /* red.png in Resources */ = {isa = PBXBuildFile; fileRef = 96C7054220119525008CA0E8 /* red.png */; };
		96C7055D20119526008CA0E8 /* space age.ttf in Resources */ = {isa = PBXBuildFile; fileRef = 96C7054320119525008CA0E8 /* space age.ttf */; };
		96C7055E20119526008CA0E8 /* video1.mp4 in Resources */ = {isa = PBXBuildFile; fileRef = 96C7054420119525008CA0E8 /* video1.mp4 */; };
		96C7055F20119526008CA0E8 /* sun.mp4 in Resources */ = {isa = PBXBuildFile; fileRef = 96C7054520119525008CA0E8 /* sun.mp4 */; };
		96C7056020119526008CA0E8 /* purple.png in Resources */ = {isa = PBXBuildFile; fileRef = 96C7054620119525008CA0E8 /* purple.png */; };
		96C7056120119526008CA0E8 /* space2.png in Resources */ = {isa = PBXBuildFile; fileRef = 96C7054720119525008CA0E8 /* space2.png */; };
		96C7056220119526008CA0E8 /* coffee.png in Resources */ = {isa = PBXBuildFile; fileRef = 96C7054820119525008CA0E8 /* coffee.png */; };
		96C7056320119526008CA0E8 /* tree.png in Resources */ = {isa = PBXBuildFile; fileRef = 96C7054920119525008CA0E8 /* tree.png */; };
		96C7056420119526008CA0E8 /* yellowbg.png in Resources */ = {isa = PBXBuildFile; fileRef = 96C7054A20119525008CA0E8 /* yellowbg.png */; };
		96C7056520119526008CA0E8 /* blue.png in Resources */ = {isa = PBXBuildFile; fileRef = 96C7054B20119525008CA0E8 /* blue.png */; };
		96C7056620119526008CA0E8 /* street.png in Resources */ = {isa = PBXBuildFile; fileRef = 96C7054C20119525008CA0E8 /* street.png */; };
		96C7056720119526008CA0E8 /* sf-outer-limits.upright.ttf in Resources */ = {isa = PBXBuildFile; fileRef = 96C7054D20119525008CA0E8 /* sf-outer-limits.upright.ttf */; };
		96C7056820119526008CA0E8 /* layers.png in Resources */ = {isa = PBXBuildFile; fileRef = 96C7054E20119525008CA0E8 /* layers.png */; };
		96C7056920119526008CA0E8 /* milky_way.jpg in Resources */ = {isa = PBXBuildFile; fileRef = 96C7054F20119526008CA0E8 /* milky_way.jpg */; };
		96C7056A20119526008CA0E8 /* cone.png in Resources */ = {isa = PBXBuildFile; fileRef = 96C7055020119526008CA0E8 /* cone.png */; };
		96C7056B20119527008CA0E8 /* space1.png in Resources */ = {isa = PBXBuildFile; fileRef = 96C7055120119526008CA0E8 /* space1.png */; };
		96C7056C20119527008CA0E8 /* yellow.png in Resources */ = {isa = PBXBuildFile; fileRef = 96C7055220119526008CA0E8 /* yellow.png */; };
		96C7056D20119527008CA0E8 /* shark.png in Resources */ = {isa = PBXBuildFile; fileRef = 96C7055320119526008CA0E8 /* shark.png */; };
		96C7056E20119527008CA0E8 /* video3.mp4 in Resources */ = {isa = PBXBuildFile; fileRef = 96C7055420119526008CA0E8 /* video3.mp4 */; };
		96C7056F20119527008CA0E8 /* headphones.png in Resources */ = {isa = PBXBuildFile; fileRef = 96C7055520119526008CA0E8 /* headphones.png */; };
		96C7057020119527008CA0E8 /* space3.png in Resources */ = {isa = PBXBuildFile; fileRef = 96C7055620119526008CA0E8 /* space3.png */; };
		96C7057120119527008CA0E8 /* charcoal.png in Resources */ = {isa = PBXBuildFile; fileRef = 96C7055720119526008CA0E8 /* charcoal.png */; };
/* End PBXBuildFile section */

/* Begin PBXFileReference section */
		40D6BFF3B61E1D0286E0CB07 /* Pods_Swift_Tip.framework */ = {isa = PBXFileReference; explicitFileType = wrapper.framework; includeInIndex = 0; path = Pods_Swift_Tip.framework; sourceTree = BUILT_PRODUCTS_DIR; };
		438255977844CE8D19EB537D /* Pods-Swift_Tip.debug.xcconfig */ = {isa = PBXFileReference; includeInIndex = 1; lastKnownFileType = text.xcconfig; name = "Pods-Swift_Tip.debug.xcconfig"; path = "Pods/Target Support Files/Pods-Swift_Tip/Pods-Swift_Tip.debug.xcconfig"; sourceTree = "<group>"; };
		966570BD200D98C8002260FD /* Swift_Tip.app */ = {isa = PBXFileReference; explicitFileType = wrapper.application; includeInIndex = 0; path = Swift_Tip.app; sourceTree = BUILT_PRODUCTS_DIR; };
		966570C2200D98C8002260FD /* Assets.xcassets */ = {isa = PBXFileReference; lastKnownFileType = folder.assetcatalog; path = Assets.xcassets; sourceTree = "<group>"; };
		966570C5200D98C8002260FD /* Base */ = {isa = PBXFileReference; lastKnownFileType = file.storyboard; name = Base; path = Base.lproj/LaunchScreen.storyboard; sourceTree = "<group>"; };
		966570C7200D98C8002260FD /* Info.plist */ = {isa = PBXFileReference; lastKnownFileType = text.plist.xml; path = Info.plist; sourceTree = "<group>"; };
		96C7053320119458008CA0E8 /* RootTableViewController.swift */ = {isa = PBXFileReference; lastKnownFileType = sourcecode.swift; path = RootTableViewController.swift; sourceTree = "<group>"; };
		96C7053420119458008CA0E8 /* ListTableView.swift */ = {isa = PBXFileReference; lastKnownFileType = sourcecode.swift; path = ListTableView.swift; sourceTree = "<group>"; };
		96C7053520119458008CA0E8 /* AlamofireDocument.swift */ = {isa = PBXFileReference; lastKnownFileType = sourcecode.swift; path = AlamofireDocument.swift; sourceTree = "<group>"; };
		96C7053620119458008CA0E8 /* AlamofireDemo.swift */ = {isa = PBXFileReference; lastKnownFileType = sourcecode.swift; path = AlamofireDemo.swift; sourceTree = "<group>"; };
		96C7053720119458008CA0E8 /* TwoViewController.swift */ = {isa = PBXFileReference; lastKnownFileType = sourcecode.swift; path = TwoViewController.swift; sourceTree = "<group>"; };
		96C7053820119458008CA0E8 /* AppDelegate.swift */ = {isa = PBXFileReference; lastKnownFileType = sourcecode.swift; path = AppDelegate.swift; sourceTree = "<group>"; };
		96C7053920119458008CA0E8 /* CheckCertificate.swift */ = {isa = PBXFileReference; lastKnownFileType = sourcecode.swift; path = CheckCertificate.swift; sourceTree = "<group>"; };
		96C7053A20119458008CA0E8 /* ImageRequestor.swift */ = {isa = PBXFileReference; lastKnownFileType = sourcecode.swift; path = ImageRequestor.swift; sourceTree = "<group>"; };
		96C7053C201194AD008CA0E8 /* Swift_Tip-Bridging-Header.h */ = {isa = PBXFileReference; lastKnownFileType = sourcecode.c.h; path = "Swift_Tip-Bridging-Header.h"; sourceTree = "<group>"; };
		96C7053E20119524008CA0E8 /* nasalization rg.ttf */ = {isa = PBXFileReference; lastKnownFileType = file; path = "nasalization rg.ttf"; sourceTree = "<group>"; };
		96C7053F20119524008CA0E8 /* space4.png */ = {isa = PBXFileReference; lastKnownFileType = image.png; path = space4.png; sourceTree = "<group>"; };
		96C7054020119524008CA0E8 /* testtube.png */ = {isa = PBXFileReference; lastKnownFileType = image.png; path = testtube.png; sourceTree = "<group>"; };
		96C7054120119524008CA0E8 /* video2.mp4 */ = {isa = PBXFileReference; lastKnownFileType = file; path = video2.mp4; sourceTree = "<group>"; };
		96C7054220119525008CA0E8 /* red.png */ = {isa = PBXFileReference; lastKnownFileType = image.png; path = red.png; sourceTree = "<group>"; };
		96C7054320119525008CA0E8 /* space age.ttf */ = {isa = PBXFileReference; lastKnownFileType = file; path = "space age.ttf"; sourceTree = "<group>"; };
		96C7054420119525008CA0E8 /* video1.mp4 */ = {isa = PBXFileReference; lastKnownFileType = file; path = video1.mp4; sourceTree = "<group>"; };
		96C7054520119525008CA0E8 /* sun.mp4 */ = {isa = PBXFileReference; lastKnownFileType = file; path = sun.mp4; sourceTree = "<group>"; };
		96C7054620119525008CA0E8 /* purple.png */ = {isa = PBXFileReference; lastKnownFileType = image.png; path = purple.png; sourceTree = "<group>"; };
		96C7054720119525008CA0E8 /* space2.png */ = {isa = PBXFileReference; lastKnownFileType = image.png; path = space2.png; sourceTree = "<group>"; };
		96C7054820119525008CA0E8 /* coffee.png */ = {isa = PBXFileReference; lastKnownFileType = image.png; path = coffee.png; sourceTree = "<group>"; };
		96C7054920119525008CA0E8 /* tree.png */ = {isa = PBXFileReference; lastKnownFileType = image.png; path = tree.png; sourceTree = "<group>"; };
		96C7054A20119525008CA0E8 /* yellowbg.png */ = {isa = PBXFileReference; lastKnownFileType = image.png; path = yellowbg.png; sourceTree = "<group>"; };
		96C7054B20119525008CA0E8 /* blue.png */ = {isa = PBXFileReference; lastKnownFileType = image.png; path = blue.png; sourceTree = "<group>"; };
		96C7054C20119525008CA0E8 /* street.png */ = {isa = PBXFileReference; lastKnownFileType = image.png; path = street.png; sourceTree = "<group>"; };
		96C7054D20119525008CA0E8 /* sf-outer-limits.upright.ttf */ = {isa = PBXFileReference; lastKnownFileType = file; path = "sf-outer-limits.upright.ttf"; sourceTree = "<group>"; };
		96C7054E20119525008CA0E8 /* layers.png */ = {isa = PBXFileReference; lastKnownFileType = image.png; path = layers.png; sourceTree = "<group>"; };
		96C7054F20119526008CA0E8 /* milky_way.jpg */ = {isa = PBXFileReference; lastKnownFileType = image.jpeg; path = milky_way.jpg; sourceTree = "<group>"; };
		96C7055020119526008CA0E8 /* cone.png */ = {isa = PBXFileReference; lastKnownFileType = image.png; path = cone.png; sourceTree = "<group>"; };
		96C7055120119526008CA0E8 /* space1.png */ = {isa = PBXFileReference; lastKnownFileType = image.png; path = space1.png; sourceTree = "<group>"; };
		96C7055220119526008CA0E8 /* yellow.png */ = {isa = PBXFileReference; lastKnownFileType = image.png; path = yellow.png; sourceTree = "<group>"; };
		96C7055320119526008CA0E8 /* shark.png */ = {isa = PBXFileReference; lastKnownFileType = image.png; path = shark.png; sourceTree = "<group>"; };
		96C7055420119526008CA0E8 /* video3.mp4 */ = {isa = PBXFileReference; lastKnownFileType = file; path = video3.mp4; sourceTree = "<group>"; };
		96C7055520119526008CA0E8 /* headphones.png */ = {isa = PBXFileReference; lastKnownFileType = image.png; path = headphones.png; sourceTree = "<group>"; };
		96C7055620119526008CA0E8 /* space3.png */ = {isa = PBXFileReference; lastKnownFileType = image.png; path = space3.png; sourceTree = "<group>"; };
		96C7055720119526008CA0E8 /* charcoal.png */ = {isa = PBXFileReference; lastKnownFileType = image.png; path = charcoal.png; sourceTree = "<group>"; };
		BECED64B3D3255AA9DCD25C4 /* Pods-Swift_Tip.release.xcconfig */ = {isa = PBXFileReference; includeInIndex = 1; lastKnownFileType = text.xcconfig; name = "Pods-Swift_Tip.release.xcconfig"; path = "Pods/Target Support Files/Pods-Swift_Tip/Pods-Swift_Tip.release.xcconfig"; sourceTree = "<group>"; };
/* End PBXFileReference section */

/* Begin PBXFrameworksBuildPhase section */
		966570BA200D98C8002260FD /* Frameworks */ = {
			isa = PBXFrameworksBuildPhase;
			buildActionMask = 2147483647;
			files = (
				8384D431C31D298F9248F03A /* Pods_Swift_Tip.framework in Frameworks */,
			);
			runOnlyForDeploymentPostprocessing = 0;
		};
/* End PBXFrameworksBuildPhase section */

/* Begin PBXGroup section */
		42E02402703854A9E81A3E54 /* Frameworks */ = {
			isa = PBXGroup;
			children = (
				40D6BFF3B61E1D0286E0CB07 /* Pods_Swift_Tip.framework */,
			);
			name = Frameworks;
			sourceTree = "<group>";
		};
		962DB87B20108B4B002BF409 /* Cer */ = {
			isa = PBXGroup;
			children = (
			);
			path = Cer;
			sourceTree = "<group>";
		};
		966570B4200D98C8002260FD = {
			isa = PBXGroup;
			children = (
				966570BF200D98C8002260FD /* Swift_Tip */,
				966570BE200D98C8002260FD /* Products */,
				C5EF6353D5CF95E1D2494750 /* Pods */,
				42E02402703854A9E81A3E54 /* Frameworks */,
			);
			sourceTree = "<group>";
		};
		966570BE200D98C8002260FD /* Products */ = {
			isa = PBXGroup;
			children = (
				966570BD200D98C8002260FD /* Swift_Tip.app */,
			);
			name = Products;
			sourceTree = "<group>";
		};
		966570BF200D98C8002260FD /* Swift_Tip */ = {
			isa = PBXGroup;
			children = (
				96C7053D20119500008CA0E8 /* ResourceFile */,
				96C7053B201194AD008CA0E8 /* Bridge */,
				96C7053220119458008CA0E8 /* Source */,
				962DB87B20108B4B002BF409 /* Cer */,
				966570C2200D98C8002260FD /* Assets.xcassets */,
				966570C4200D98C8002260FD /* LaunchScreen.storyboard */,
				966570C7200D98C8002260FD /* Info.plist */,
			);
			path = Swift_Tip;
			sourceTree = "<group>";
		};
		96C7053220119458008CA0E8 /* Source */ = {
			isa = PBXGroup;
			children = (
				96C7053820119458008CA0E8 /* AppDelegate.swift */,
				96C7053320119458008CA0E8 /* RootTableViewController.swift */,
				96C7053420119458008CA0E8 /* ListTableView.swift */,
				96C7053520119458008CA0E8 /* AlamofireDocument.swift */,
				96C7053620119458008CA0E8 /* AlamofireDemo.swift */,
				96C7053720119458008CA0E8 /* TwoViewController.swift */,
				96C7053920119458008CA0E8 /* CheckCertificate.swift */,
				96C7053A20119458008CA0E8 /* ImageRequestor.swift */,
			);
			path = Source;
			sourceTree = "<group>";
		};
		96C7053B201194AD008CA0E8 /* Bridge */ = {
			isa = PBXGroup;
			children = (
				96C7053C201194AD008CA0E8 /* Swift_Tip-Bridging-Header.h */,
			);
			path = Bridge;
			sourceTree = "<group>";
		};
		96C7053D20119500008CA0E8 /* ResourceFile */ = {
			isa = PBXGroup;
			children = (
				96C7054B20119525008CA0E8 /* blue.png */,
				96C7055720119526008CA0E8 /* charcoal.png */,
				96C7054820119525008CA0E8 /* coffee.png */,
				96C7055020119526008CA0E8 /* cone.png */,
				96C7055520119526008CA0E8 /* headphones.png */,
				96C7054E20119525008CA0E8 /* layers.png */,
				96C7054F20119526008CA0E8 /* milky_way.jpg */,
				96C7053E20119524008CA0E8 /* nasalization rg.ttf */,
				96C7054620119525008CA0E8 /* purple.png */,
				96C7054220119525008CA0E8 /* red.png */,
				96C7054D20119525008CA0E8 /* sf-outer-limits.upright.ttf */,
				96C7055320119526008CA0E8 /* shark.png */,
				96C7054320119525008CA0E8 /* space age.ttf */,
				96C7055120119526008CA0E8 /* space1.png */,
				96C7054720119525008CA0E8 /* space2.png */,
				96C7055620119526008CA0E8 /* space3.png */,
				96C7053F20119524008CA0E8 /* space4.png */,
				96C7054C20119525008CA0E8 /* street.png */,
				96C7054520119525008CA0E8 /* sun.mp4 */,
				96C7054020119524008CA0E8 /* testtube.png */,
				96C7054920119525008CA0E8 /* tree.png */,
				96C7054420119525008CA0E8 /* video1.mp4 */,
				96C7054120119524008CA0E8 /* video2.mp4 */,
				96C7055420119526008CA0E8 /* video3.mp4 */,
				96C7055220119526008CA0E8 /* yellow.png */,
				96C7054A20119525008CA0E8 /* yellowbg.png */,
			);
			path = ResourceFile;
			sourceTree = "<group>";
		};
		C5EF6353D5CF95E1D2494750 /* Pods */ = {
			isa = PBXGroup;
			children = (
				438255977844CE8D19EB537D /* Pods-Swift_Tip.debug.xcconfig */,
				BECED64B3D3255AA9DCD25C4 /* Pods-Swift_Tip.release.xcconfig */,
			);
			name = Pods;
			sourceTree = "<group>";
		};
/* End PBXGroup section */

/* Begin PBXNativeTarget section */
		966570BC200D98C8002260FD /* Swift_Tip */ = {
			isa = PBXNativeTarget;
			buildConfigurationList = 966570CA200D98C8002260FD /* Build configuration list for PBXNativeTarget "Swift_Tip" */;
			buildPhases = (
				14BBE21DE28CBDC01D4598AE /* [CP] Check Pods Manifest.lock */,
				966570B9200D98C8002260FD /* Sources */,
				966570BA200D98C8002260FD /* Frameworks */,
				966570BB200D98C8002260FD /* Resources */,
				E8D85BE089A97239060EBF99 /* [CP] Embed Pods Frameworks */,
				6D9FE284B2FE644CCCCE7BEA /* [CP] Copy Pods Resources */,
			);
			buildRules = (
			);
			dependencies = (
			);
			name = Swift_Tip;
			productName = Swift_Tip;
			productReference = 966570BD200D98C8002260FD /* Swift_Tip.app */;
			productType = "com.apple.product-type.application";
		};
/* End PBXNativeTarget section */

/* Begin PBXProject section */
		966570B5200D98C8002260FD /* Project object */ = {
			isa = PBXProject;
			attributes = {
				LastSwiftUpdateCheck = 0900;
				LastUpgradeCheck = 0900;
				ORGANIZATIONNAME = "陆林";
				TargetAttributes = {
					966570BC200D98C8002260FD = {
						CreatedOnToolsVersion = 9.0;
						ProvisioningStyle = Automatic;
					};
				};
			};
			buildConfigurationList = 966570B8200D98C8002260FD /* Build configuration list for PBXProject "Swift_Tip" */;
			compatibilityVersion = "Xcode 8.0";
			developmentRegion = en;
			hasScannedForEncodings = 0;
			knownRegions = (
				en,
				Base,
			);
			mainGroup = 966570B4200D98C8002260FD;
			productRefGroup = 966570BE200D98C8002260FD /* Products */;
			projectDirPath = "";
			projectRoot = "";
			targets = (
				966570BC200D98C8002260FD /* Swift_Tip */,
			);
		};
/* End PBXProject section */

/* Begin PBXResourcesBuildPhase section */
		966570BB200D98C8002260FD /* Resources */ = {
			isa = PBXResourcesBuildPhase;
			buildActionMask = 2147483647;
			files = (
				96C7056420119526008CA0E8 /* yellowbg.png in Resources */,
				96C7056020119526008CA0E8 /* purple.png in Resources */,
				96C7055E20119526008CA0E8 /* video1.mp4 in Resources */,
				96C7056C20119527008CA0E8 /* yellow.png in Resources */,
				96C7056520119526008CA0E8 /* blue.png in Resources */,
				96C7055820119526008CA0E8 /* nasalization rg.ttf in Resources */,
				96C7056820119526008CA0E8 /* layers.png in Resources */,
				96C7056920119526008CA0E8 /* milky_way.jpg in Resources */,
				96C7056320119526008CA0E8 /* tree.png in Resources */,
				96C7056620119526008CA0E8 /* street.png in Resources */,
				96C7056120119526008CA0E8 /* space2.png in Resources */,
				96C7056220119526008CA0E8 /* coffee.png in Resources */,
				96C7055920119526008CA0E8 /* space4.png in Resources */,
				96C7056D20119527008CA0E8 /* shark.png in Resources */,
				96C7056720119526008CA0E8 /* sf-outer-limits.upright.ttf in Resources */,
				96C7055D20119526008CA0E8 /* space age.ttf in Resources */,
				96C7056A20119526008CA0E8 /* cone.png in Resources */,
				96C7055B20119526008CA0E8 /* video2.mp4 in Resources */,
				96C7056E20119527008CA0E8 /* video3.mp4 in Resources */,
				96C7055A20119526008CA0E8 /* testtube.png in Resources */,
				96C7057020119527008CA0E8 /* space3.png in Resources */,
				96C7055F20119526008CA0E8 /* sun.mp4 in Resources */,
				96C7055C20119526008CA0E8 /* red.png in Resources */,
				966570C3200D98C8002260FD /* Assets.xcassets in Resources */,
				96C7057120119527008CA0E8 /* charcoal.png in Resources */,
				96C7056B20119527008CA0E8 /* space1.png in Resources */,
				96C7056F20119527008CA0E8 /* headphones.png in Resources */,
				966570C6200D98C8002260FD /* LaunchScreen.storyboard in Resources */,
			);
			runOnlyForDeploymentPostprocessing = 0;
		};
/* End PBXResourcesBuildPhase section */

/* Begin PBXShellScriptBuildPhase section */
		14BBE21DE28CBDC01D4598AE /* [CP] Check Pods Manifest.lock */ = {
			isa = PBXShellScriptBuildPhase;
			buildActionMask = 2147483647;
			files = (
			);
			inputPaths = (
				"${PODS_PODFILE_DIR_PATH}/Podfile.lock",
				"${PODS_ROOT}/Manifest.lock",
			);
			name = "[CP] Check Pods Manifest.lock";
			outputPaths = (
				"$(DERIVED_FILE_DIR)/Pods-Swift_Tip-checkManifestLockResult.txt",
			);
			runOnlyForDeploymentPostprocessing = 0;
			shellPath = /bin/sh;
			shellScript = "diff \"${PODS_PODFILE_DIR_PATH}/Podfile.lock\" \"${PODS_ROOT}/Manifest.lock\" > /dev/null\nif [ $? != 0 ] ; then\n    # print error to STDERR\n    echo \"error: The sandbox is not in sync with the Podfile.lock. Run 'pod install' or update your CocoaPods installation.\" >&2\n    exit 1\nfi\n# This output is used by Xcode 'outputs' to avoid re-running this script phase.\necho \"SUCCESS\" > \"${SCRIPT_OUTPUT_FILE_0}\"\n";
			showEnvVarsInLog = 0;
		};
		6D9FE284B2FE644CCCCE7BEA /* [CP] Copy Pods Resources */ = {
			isa = PBXShellScriptBuildPhase;
			buildActionMask = 2147483647;
			files = (
			);
			inputPaths = (
			);
			name = "[CP] Copy Pods Resources";
			outputPaths = (
			);
			runOnlyForDeploymentPostprocessing = 0;
			shellPath = /bin/sh;
			shellScript = "\"${SRCROOT}/Pods/Target Support Files/Pods-Swift_Tip/Pods-Swift_Tip-resources.sh\"\n";
			showEnvVarsInLog = 0;
		};
		E8D85BE089A97239060EBF99 /* [CP] Embed Pods Frameworks */ = {
			isa = PBXShellScriptBuildPhase;
			buildActionMask = 2147483647;
			files = (
			);
			inputPaths = (
				"${SRCROOT}/Pods/Target Support Files/Pods-Swift_Tip/Pods-Swift_Tip-frameworks.sh",
				"${BUILT_PRODUCTS_DIR}/Alamofire/Alamofire.framework",
				"${BUILT_PRODUCTS_DIR}/Onboard/Onboard.framework",
			);
			name = "[CP] Embed Pods Frameworks";
			outputPaths = (
				"${TARGET_BUILD_DIR}/${FRAMEWORKS_FOLDER_PATH}/Alamofire.framework",
				"${TARGET_BUILD_DIR}/${FRAMEWORKS_FOLDER_PATH}/Onboard.framework",
			);
			runOnlyForDeploymentPostprocessing = 0;
			shellPath = /bin/sh;
			shellScript = "\"${SRCROOT}/Pods/Target Support Files/Pods-Swift_Tip/Pods-Swift_Tip-frameworks.sh\"\n";
			showEnvVarsInLog = 0;
		};
/* End PBXShellScriptBuildPhase section */

/* Begin PBXSourcesBuildPhase section */
		966570B9200D98C8002260FD /* Sources */ = {
			isa = PBXSourcesBuildPhase;
			buildActionMask = 2147483647;
			files = (
				962715A620119AE30038A9FA /* AppDelegate.swift in Sources */,
				962715A720119AE30038A9FA /* RootTableViewController.swift in Sources */,
				962715A820119AE30038A9FA /* ListTableView.swift in Sources */,
				962715A920119AE30038A9FA /* AlamofireDocument.swift in Sources */,
				962715AA20119AE30038A9FA /* AlamofireDemo.swift in Sources */,
				962715AB20119AE30038A9FA /* TwoViewController.swift in Sources */,
				962715AC20119AE30038A9FA /* CheckCertificate.swift in Sources */,
				962715AD20119AE30038A9FA /* ImageRequestor.swift in Sources */,
			);
			runOnlyForDeploymentPostprocessing = 0;
		};
/* End PBXSourcesBuildPhase section */

/* Begin PBXVariantGroup section */
		966570C4200D98C8002260FD /* LaunchScreen.storyboard */ = {
			isa = PBXVariantGroup;
			children = (
				966570C5200D98C8002260FD /* Base */,
			);
			name = LaunchScreen.storyboard;
			sourceTree = "<group>";
		};
/* End PBXVariantGroup section */

/* Begin XCBuildConfiguration section */
		966570C8200D98C8002260FD /* Debug */ = {
			isa = XCBuildConfiguration;
			buildSettings = {
				ALWAYS_SEARCH_USER_PATHS = NO;
				CLANG_ANALYZER_NONNULL = YES;
				CLANG_ANALYZER_NUMBER_OBJECT_CONVERSION = YES_AGGRESSIVE;
				CLANG_CXX_LANGUAGE_STANDARD = "gnu++14";
				CLANG_CXX_LIBRARY = "libc++";
				CLANG_ENABLE_MODULES = YES;
				CLANG_ENABLE_OBJC_ARC = YES;
				CLANG_WARN_BLOCK_CAPTURE_AUTORELEASING = YES;
				CLANG_WARN_BOOL_CONVERSION = YES;
				CLANG_WARN_COMMA = YES;
				CLANG_WARN_CONSTANT_CONVERSION = YES;
				CLANG_WARN_DIRECT_OBJC_ISA_USAGE = YES_ERROR;
				CLANG_WARN_DOCUMENTATION_COMMENTS = YES;
				CLANG_WARN_EMPTY_BODY = YES;
				CLANG_WARN_ENUM_CONVERSION = YES;
				CLANG_WARN_INFINITE_RECURSION = YES;
				CLANG_WARN_INT_CONVERSION = YES;
				CLANG_WARN_NON_LITERAL_NULL_CONVERSION = YES;
				CLANG_WARN_OBJC_LITERAL_CONVERSION = YES;
				CLANG_WARN_OBJC_ROOT_CLASS = YES_ERROR;
				CLANG_WARN_RANGE_LOOP_ANALYSIS = YES;
				CLANG_WARN_STRICT_PROTOTYPES = YES;
				CLANG_WARN_SUSPICIOUS_MOVE = YES;
				CLANG_WARN_UNGUARDED_AVAILABILITY = YES_AGGRESSIVE;
				CLANG_WARN_UNREACHABLE_CODE = YES;
				CLANG_WARN__DUPLICATE_METHOD_MATCH = YES;
				CODE_SIGN_IDENTITY = "iPhone Developer";
				COPY_PHASE_STRIP = NO;
				DEBUG_INFORMATION_FORMAT = dwarf;
				ENABLE_STRICT_OBJC_MSGSEND = YES;
				ENABLE_TESTABILITY = YES;
				GCC_C_LANGUAGE_STANDARD = gnu11;
				GCC_DYNAMIC_NO_PIC = NO;
				GCC_NO_COMMON_BLOCKS = YES;
				GCC_OPTIMIZATION_LEVEL = 0;
				GCC_PREPROCESSOR_DEFINITIONS = (
					"DEBUG=1",
					"$(inherited)",
				);
				GCC_WARN_64_TO_32_BIT_CONVERSION = YES;
				GCC_WARN_ABOUT_RETURN_TYPE = YES_ERROR;
				GCC_WARN_UNDECLARED_SELECTOR = YES;
				GCC_WARN_UNINITIALIZED_AUTOS = YES_AGGRESSIVE;
				GCC_WARN_UNUSED_FUNCTION = YES;
				GCC_WARN_UNUSED_VARIABLE = YES;
				IPHONEOS_DEPLOYMENT_TARGET = 11.0;
				MTL_ENABLE_DEBUG_INFO = YES;
				ONLY_ACTIVE_ARCH = YES;
				SDKROOT = iphoneos;
				SWIFT_ACTIVE_COMPILATION_CONDITIONS = DEBUG;
				SWIFT_OPTIMIZATION_LEVEL = "-Onone";
			};
			name = Debug;
		};
		966570C9200D98C8002260FD /* Release */ = {
			isa = XCBuildConfiguration;
			buildSettings = {
				ALWAYS_SEARCH_USER_PATHS = NO;
				CLANG_ANALYZER_NONNULL = YES;
				CLANG_ANALYZER_NUMBER_OBJECT_CONVERSION = YES_AGGRESSIVE;
				CLANG_CXX_LANGUAGE_STANDARD = "gnu++14";
				CLANG_CXX_LIBRARY = "libc++";
				CLANG_ENABLE_MODULES = YES;
				CLANG_ENABLE_OBJC_ARC = YES;
				CLANG_WARN_BLOCK_CAPTURE_AUTORELEASING = YES;
				CLANG_WARN_BOOL_CONVERSION = YES;
				CLANG_WARN_COMMA = YES;
				CLANG_WARN_CONSTANT_CONVERSION = YES;
				CLANG_WARN_DIRECT_OBJC_ISA_USAGE = YES_ERROR;
				CLANG_WARN_DOCUMENTATION_COMMENTS = YES;
				CLANG_WARN_EMPTY_BODY = YES;
				CLANG_WARN_ENUM_CONVERSION = YES;
				CLANG_WARN_INFINITE_RECURSION = YES;
				CLANG_WARN_INT_CONVERSION = YES;
				CLANG_WARN_NON_LITERAL_NULL_CONVERSION = YES;
				CLANG_WARN_OBJC_LITERAL_CONVERSION = YES;
				CLANG_WARN_OBJC_ROOT_CLASS = YES_ERROR;
				CLANG_WARN_RANGE_LOOP_ANALYSIS = YES;
				CLANG_WARN_STRICT_PROTOTYPES = YES;
				CLANG_WARN_SUSPICIOUS_MOVE = YES;
				CLANG_WARN_UNGUARDED_AVAILABILITY = YES_AGGRESSIVE;
				CLANG_WARN_UNREACHABLE_CODE = YES;
				CLANG_WARN__DUPLICATE_METHOD_MATCH = YES;
				CODE_SIGN_IDENTITY = "iPhone Developer";
				COPY_PHASE_STRIP = NO;
				DEBUG_INFORMATION_FORMAT = "dwarf-with-dsym";
				ENABLE_NS_ASSERTIONS = NO;
				ENABLE_STRICT_OBJC_MSGSEND = YES;
				GCC_C_LANGUAGE_STANDARD = gnu11;
				GCC_NO_COMMON_BLOCKS = YES;
				GCC_WARN_64_TO_32_BIT_CONVERSION = YES;
				GCC_WARN_ABOUT_RETURN_TYPE = YES_ERROR;
				GCC_WARN_UNDECLARED_SELECTOR = YES;
				GCC_WARN_UNINITIALIZED_AUTOS = YES_AGGRESSIVE;
				GCC_WARN_UNUSED_FUNCTION = YES;
				GCC_WARN_UNUSED_VARIABLE = YES;
				IPHONEOS_DEPLOYMENT_TARGET = 11.0;
				MTL_ENABLE_DEBUG_INFO = NO;
				SDKROOT = iphoneos;
				SWIFT_OPTIMIZATION_LEVEL = "-Owholemodule";
				VALIDATE_PRODUCT = YES;
			};
			name = Release;
		};
		966570CB200D98C8002260FD /* Debug */ = {
			isa = XCBuildConfiguration;
			baseConfigurationReference = 438255977844CE8D19EB537D /* Pods-Swift_Tip.debug.xcconfig */;
			buildSettings = {
				ASSETCATALOG_COMPILER_APPICON_NAME = AppIcon;
				CODE_SIGN_STYLE = Automatic;
				DEVELOPMENT_TEAM = 3QZYSQ2396;
				INFOPLIST_FILE = Swift_Tip/Info.plist;
				LD_RUNPATH_SEARCH_PATHS = "$(inherited) @executable_path/Frameworks";
				PRODUCT_BUNDLE_IDENTIFIER = "com.example.Swift-Tip";
				PRODUCT_NAME = "$(TARGET_NAME)";
				SWIFT_OBJC_BRIDGING_HEADER = "Swift_Tip/Bridge/Swift_Tip-Bridging-Header.h";
				SWIFT_VERSION = 4.0;
				TARGETED_DEVICE_FAMILY = "1,2";
				USER_HEADER_SEARCH_PATHS = "${SRCROOT}/**";
			};
			name = Debug;
		};
		966570CC200D98C8002260FD /* Release */ = {
			isa = XCBuildConfiguration;
			baseConfigurationReference = BECED64B3D3255AA9DCD25C4 /* Pods-Swift_Tip.release.xcconfig */;
			buildSettings = {
				ASSETCATALOG_COMPILER_APPICON_NAME = AppIcon;
				CODE_SIGN_STYLE = Automatic;
				DEVELOPMENT_TEAM = 3QZYSQ2396;
				INFOPLIST_FILE = Swift_Tip/Info.plist;
				LD_RUNPATH_SEARCH_PATHS = "$(inherited) @executable_path/Frameworks";
				PRODUCT_BUNDLE_IDENTIFIER = "com.example.Swift-Tip";
				PRODUCT_NAME = "$(TARGET_NAME)";
				SWIFT_OBJC_BRIDGING_HEADER = "Swift_Tip/Bridge/Swift_Tip-Bridging-Header.h";
				SWIFT_VERSION = 4.0;
				TARGETED_DEVICE_FAMILY = "1,2";
				USER_HEADER_SEARCH_PATHS = "${SRCROOT}/**";
			};
			name = Release;
		};
/* End XCBuildConfiguration section */

/* Begin XCConfigurationList section */
		966570B8200D98C8002260FD /* Build configuration list for PBXProject "Swift_Tip" */ = {
			isa = XCConfigurationList;
			buildConfigurations = (
				966570C8200D98C8002260FD /* Debug */,
				966570C9200D98C8002260FD /* Release */,
			);
			defaultConfigurationIsVisible = 0;
			defaultConfigurationName = Release;
		};
		966570CA200D98C8002260FD /* Build configuration list for PBXNativeTarget "Swift_Tip" */ = {
			isa = XCConfigurationList;
			buildConfigurations = (
				966570CB200D98C8002260FD /* Debug */,
				966570CC200D98C8002260FD /* Release */,
			);
			defaultConfigurationIsVisible = 0;
			defaultConfigurationName = Release;
		};
/* End XCConfigurationList section */
	};
	rootObject = 966570B5200D98C8002260FD /* Project object */;
}
